
Microsoft Visual Studio Solution File, Format Version 12.00
# Visual Studio 15
VisualStudioVersion = 15.0.28010.2016
MinimumVisualStudioVersion = 10.0.40219.1
Project("{9A19103F-16F7-4668-BE54-9A1E7A4F7556}") = "Banking.Accounts", "Banking.Accounts\Banking.Accounts.csproj", "{F45D3DDC-E784-4E65-B0DB-172800331307}"
EndProject
Project("{2150E333-8FDC-42A3-9474-1A3956D46DE8}") = "Infrastructure", "Infrastructure", "{34E8DA8F-E62A-42E8-A17D-056CECA564A6}"
EndProject
Project("{9A19103F-16F7-4668-BE54-9A1E7A4F7556}") = "Random.Infrastructure", "Random.Infrastructure\Random.Infrastructure.csproj", "{E5FB8E2C-7F0A-486D-AE48-61548ED22601}"
EndProject
Project("{FAE04EC0-301F-11D3-BF4B-00C04F79EFBC}") = "Banking.Accounts.Tests", "Banking.Accounts.Tests\Banking.Accounts.Tests.csproj", "{F146FFB2-E154-4306-90BF-711F7B61BFC4}"
EndProject
Global
	GlobalSection(SolutionConfigurationPlatforms) = preSolution
		Debug|Any CPU = Debug|Any CPU
		Release|Any CPU = Release|Any CPU
	EndGlobalSection
	GlobalSection(ProjectConfigurationPlatforms) = postSolution
		{F45D3DDC-E784-4E65-B0DB-172800331307}.Debug|Any CPU.ActiveCfg = Debug|Any CPU
		{F45D3DDC-E784-4E65-B0DB-172800331307}.Debug|Any CPU.Build.0 = Debug|Any CPU
		{F45D3DDC-E784-4E65-B0DB-172800331307}.Release|Any CPU.ActiveCfg = Release|Any CPU
		{F45D3DDC-E784-4E65-B0DB-172800331307}.Release|Any CPU.Build.0 = Release|Any CPU
		{E5FB8E2C-7F0A-486D-AE48-61548ED22601}.Debug|Any CPU.ActiveCfg = Debug|Any CPU
		{E5FB8E2C-7F0A-486D-AE48-61548ED22601}.Debug|Any CPU.Build.0 = Debug|Any CPU
		{E5FB8E2C-7F0A-486D-AE48-61548ED22601}.Release|Any CPU.ActiveCfg = Release|Any CPU
		{E5FB8E2C-7F0A-486D-AE48-61548ED22601}.Release|Any CPU.Build.0 = Release|Any CPU
		{F146FFB2-E154-4306-90BF-711F7B61BFC4}.Debug|Any CPU.ActiveCfg = Debug|Any CPU
		{F146FFB2-E154-4306-90BF-711F7B61BFC4}.Debug|Any CPU.Build.0 = Debug|Any CPU
		{F146FFB2-E154-4306-90BF-711F7B61BFC4}.Release|Any CPU.ActiveCfg = Release|Any CPU
		{F146FFB2-E154-4306-90BF-711F7B61BFC4}.Release|Any CPU.Build.0 = Release|Any CPU
	EndGlobalSection
	GlobalSection(SolutionProperties) = preSolution
		HideSolutionNode = FALSE
	EndGlobalSection
	GlobalSection(NestedProjects) = preSolution
		{E5FB8E2C-7F0A-486D-AE48-61548ED22601} = {34E8DA8F-E62A-42E8-A17D-056CECA564A6}
	EndGlobalSection
	GlobalSection(ExtensibilityGlobals) = postSolution
		SolutionGuid = {D9C2DBFC-4DA9-479E-A92B-D83C10CC594F}
	EndGlobalSection
EndGlobal
